
Microsoft Visual Studio Solution File, Format Version 12.00
# Visual Studio Version 17
VisualStudioVersion = 17.14.36109.1
MinimumVisualStudioVersion = 10.0.40219.1
Project("{FAE04EC0-301F-11D3-BF4B-00C04F79EFBC}") = "Tutorials", "Tutorials\Tutorials.csproj", "{40BE5AF6-A3B0-4EC5-9447-AE3641563BDC}"
EndProject
Project("{FAE04EC0-301F-11D3-BF4B-00C04F79EFBC}") = "Repository", "Repository\Repository.csproj", "{CE8F3387-4CAB-64ED-80E3-18319C5DCD81}"
EndProject
Project("{FAE04EC0-301F-11D3-BF4B-00C04F79EFBC}") = "Common", "Common\Common.csproj", "{E15E491A-E872-91D8-DF7A-CA59C792F064}"
EndProject
Project("{2150E333-8FDC-42A3-9474-1A3956D46DE8}") = "Éléments de solution", "Éléments de solution", "{9C8CB701-102D-CF49-A3E0-89AC09D42C2C}"
	ProjectSection(SolutionItems) = preProject
		Tutorial.txt = Tutorial.txt
	EndProjectSection
EndProject
Project("{FAE04EC0-301F-11D3-BF4B-00C04F79EFBC}") = "Pokemon", "Pokemon\Pokemon.csproj", "{91A27452-58D5-4C83-821D-246E9BA6C367}"
EndProject
Project("{FAE04EC0-301F-11D3-BF4B-00C04F79EFBC}") = "PokeApiNet", "PokeApiNet\PokeApiNet.csproj", "{972672C3-6A00-063E-9B9B-CC80334621AC}"
EndProject
Project("{FAE04EC0-301F-11D3-BF4B-00C04F79EFBC}") = "CurieXplorePays", "CurieXplorePays\CurieXplorePays.csproj", "{1D6601C4-8457-43BD-9D96-835F98620CA6}"
EndProject
Global
	GlobalSection(SolutionConfigurationPlatforms) = preSolution
		Debug|Any CPU = Debug|Any CPU
		Release|Any CPU = Release|Any CPU
	EndGlobalSection
	GlobalSection(ProjectConfigurationPlatforms) = postSolution
		{40BE5AF6-A3B0-4EC5-9447-AE3641563BDC}.Debug|Any CPU.ActiveCfg = Debug|Any CPU
		{40BE5AF6-A3B0-4EC5-9447-AE3641563BDC}.Debug|Any CPU.Build.0 = Debug|Any CPU
		{40BE5AF6-A3B0-4EC5-9447-AE3641563BDC}.Debug|Any CPU.Deploy.0 = Debug|Any CPU
		{40BE5AF6-A3B0-4EC5-9447-AE3641563BDC}.Release|Any CPU.ActiveCfg = Release|Any CPU
		{40BE5AF6-A3B0-4EC5-9447-AE3641563BDC}.Release|Any CPU.Build.0 = Release|Any CPU
		{CE8F3387-4CAB-64ED-80E3-18319C5DCD81}.Debug|Any CPU.ActiveCfg = Debug|Any CPU
		{CE8F3387-4CAB-64ED-80E3-18319C5DCD81}.Debug|Any CPU.Build.0 = Debug|Any CPU
		{CE8F3387-4CAB-64ED-80E3-18319C5DCD81}.Release|Any CPU.ActiveCfg = Release|Any CPU
		{CE8F3387-4CAB-64ED-80E3-18319C5DCD81}.Release|Any CPU.Build.0 = Release|Any CPU
		{E15E491A-E872-91D8-DF7A-CA59C792F064}.Debug|Any CPU.ActiveCfg = Debug|Any CPU
		{E15E491A-E872-91D8-DF7A-CA59C792F064}.Debug|Any CPU.Build.0 = Debug|Any CPU
		{E15E491A-E872-91D8-DF7A-CA59C792F064}.Release|Any CPU.ActiveCfg = Release|Any CPU
		{E15E491A-E872-91D8-DF7A-CA59C792F064}.Release|Any CPU.Build.0 = Release|Any CPU
		{91A27452-58D5-4C83-821D-246E9BA6C367}.Debug|Any CPU.ActiveCfg = Debug|Any CPU
		{91A27452-58D5-4C83-821D-246E9BA6C367}.Debug|Any CPU.Build.0 = Debug|Any CPU
		{91A27452-58D5-4C83-821D-246E9BA6C367}.Release|Any CPU.ActiveCfg = Release|Any CPU
		{91A27452-58D5-4C83-821D-246E9BA6C367}.Release|Any CPU.Build.0 = Release|Any CPU
		{972672C3-6A00-063E-9B9B-CC80334621AC}.Debug|Any CPU.ActiveCfg = Debug|Any CPU
		{972672C3-6A00-063E-9B9B-CC80334621AC}.Debug|Any CPU.Build.0 = Debug|Any CPU
		{972672C3-6A00-063E-9B9B-CC80334621AC}.Release|Any CPU.ActiveCfg = Release|Any CPU
		{972672C3-6A00-063E-9B9B-CC80334621AC}.Release|Any CPU.Build.0 = Release|Any CPU
		{1D6601C4-8457-43BD-9D96-835F98620CA6}.Debug|Any CPU.ActiveCfg = Debug|Any CPU
		{1D6601C4-8457-43BD-9D96-835F98620CA6}.Debug|Any CPU.Build.0 = Debug|Any CPU
		{1D6601C4-8457-43BD-9D96-835F98620CA6}.Release|Any CPU.ActiveCfg = Release|Any CPU
		{1D6601C4-8457-43BD-9D96-835F98620CA6}.Release|Any CPU.Build.0 = Release|Any CPU
	EndGlobalSection
	GlobalSection(SolutionProperties) = preSolution
		HideSolutionNode = FALSE
	EndGlobalSection
	GlobalSection(ExtensibilityGlobals) = postSolution
		SolutionGuid = {BFAB4256-CF46-49A3-BF9E-B9DD253EB11C}
	EndGlobalSection
EndGlobal
