<Solution>
  <Project Path="Business/Business.csproj" />
  <Project Path="Common/Common.csproj" />
  <Project Path="CurieXplorePays/CurieXplorePays.csproj" />
  <Project Path="Repository/Repository.csproj" />
  <Project Path="RestCountries/RestCountries.csproj" />
  <Project Path="Tutorials/Tutorials.csproj" Id="40be0382-591b-43d8-aa08-1804869eb744" />
</Solution>
